
Microsoft Visual Studio Solution File, Format Version 12.00
# Visual Studio Version 16
VisualStudioVersion = 16.0.29209.62
MinimumVisualStudioVersion = 10.0.40219.1
Project("{FAE04EC0-301F-11D3-BF4B-00C04F79EFBC}") = "BethanyPieShopMobile", "BethanyPieShopMobile\BethanyPieShopMobile.csproj", "{29BD972E-8C06-412B-A18B-EC364CEB427E}"
EndProject
Project("{FAE04EC0-301F-11D3-BF4B-00C04F79EFBC}") = "BethanyPieShopMobile.Core", "BethanyPieShopMobile.Core\BethanyPieShopMobile.Core.csproj", "{A39311ED-ADD3-40C4-A310-6B8C55EF9F49}"
EndProject
Global
	GlobalSection(SolutionConfigurationPlatforms) = preSolution
		Debug|Any CPU = Debug|Any CPU
		Release|Any CPU = Release|Any CPU
	EndGlobalSection
	GlobalSection(ProjectConfigurationPlatforms) = postSolution
		{29BD972E-8C06-412B-A18B-EC364CEB427E}.Debug|Any CPU.ActiveCfg = Debug|Any CPU
		{29BD972E-8C06-412B-A18B-EC364CEB427E}.Debug|Any CPU.Build.0 = Debug|Any CPU
		{29BD972E-8C06-412B-A18B-EC364CEB427E}.Debug|Any CPU.Deploy.0 = Debug|Any CPU
		{29BD972E-8C06-412B-A18B-EC364CEB427E}.Release|Any CPU.ActiveCfg = Release|Any CPU
		{29BD972E-8C06-412B-A18B-EC364CEB427E}.Release|Any CPU.Build.0 = Release|Any CPU
		{29BD972E-8C06-412B-A18B-EC364CEB427E}.Release|Any CPU.Deploy.0 = Release|Any CPU
		{A39311ED-ADD3-40C4-A310-6B8C55EF9F49}.Debug|Any CPU.ActiveCfg = Debug|Any CPU
		{A39311ED-ADD3-40C4-A310-6B8C55EF9F49}.Debug|Any CPU.Build.0 = Debug|Any CPU
		{A39311ED-ADD3-40C4-A310-6B8C55EF9F49}.Release|Any CPU.ActiveCfg = Release|Any CPU
		{A39311ED-ADD3-40C4-A310-6B8C55EF9F49}.Release|Any CPU.Build.0 = Release|Any CPU
	EndGlobalSection
	GlobalSection(SolutionProperties) = preSolution
		HideSolutionNode = FALSE
	EndGlobalSection
	GlobalSection(ExtensibilityGlobals) = postSolution
		SolutionGuid = {BA70BE62-BBC1-449C-BB43-55F0EEFD8FB2}
	EndGlobalSection
EndGlobal
